// !$*UTF8*$!
{
	archiveVersion = 1;
	classes = {
	};
	objectVersion = 55;
	objects = {

/* Begin PBXBuildFile section */
		0155F5CB28C9AD01008E13B0 /* FRUITSApp.swift in Sources */ = {isa = PBXBuildFile; fileRef = 0155F5CA28C9AD01008E13B0 /* FRUITSApp.swift */; };
		0155F5CD28C9AD01008E13B0 /* ContentView.swift in Sources */ = {isa = PBXBuildFile; fileRef = 0155F5CC28C9AD01008E13B0 /* ContentView.swift */; };
		0155F5CF28C9AD02008E13B0 /* Assets.xcassets in Resources */ = {isa = PBXBuildFile; fileRef = 0155F5CE28C9AD02008E13B0 /* Assets.xcassets */; };
		0155F5D228C9AD02008E13B0 /* Preview Assets.xcassets in Resources */ = {isa = PBXBuildFile; fileRef = 0155F5D128C9AD02008E13B0 /* Preview Assets.xcassets */; };
		0181F0E928C9B41F00E75E31 /* FruitsCardView.swift in Sources */ = {isa = PBXBuildFile; fileRef = 0181F0E828C9B41F00E75E31 /* FruitsCardView.swift */; };
		0181F0EB28C9B4E400E75E31 /* StartButtonView.swift in Sources */ = {isa = PBXBuildFile; fileRef = 0181F0EA28C9B4E400E75E31 /* StartButtonView.swift */; };
		0181F0ED28C9B5C600E75E31 /* FruitsData.swift in Sources */ = {isa = PBXBuildFile; fileRef = 0181F0EC28C9B5C600E75E31 /* FruitsData.swift */; };
		0181F0EF28C9B5F600E75E31 /* FruitsModel.swift in Sources */ = {isa = PBXBuildFile; fileRef = 0181F0EE28C9B5F600E75E31 /* FruitsModel.swift */; };
		0181F0F228C9BA3900E75E31 /* FruitRowView.swift in Sources */ = {isa = PBXBuildFile; fileRef = 0181F0F128C9BA3900E75E31 /* FruitRowView.swift */; };
		0181F0F428C9BC2300E75E31 /* SettingsRowView.swift in Sources */ = {isa = PBXBuildFile; fileRef = 0181F0F328C9BC2300E75E31 /* SettingsRowView.swift */; };
		0181F0F628C9BCE300E75E31 /* FruitHeaderView.swift in Sources */ = {isa = PBXBuildFile; fileRef = 0181F0F528C9BCE300E75E31 /* FruitHeaderView.swift */; };
		0181F0F828C9BD5200E75E31 /* SourceLinkView.swift in Sources */ = {isa = PBXBuildFile; fileRef = 0181F0F728C9BD5200E75E31 /* SourceLinkView.swift */; };
		0181F0FA28C9BE4A00E75E31 /* FruitNutrientsView.swift in Sources */ = {isa = PBXBuildFile; fileRef = 0181F0F928C9BE4A00E75E31 /* FruitNutrientsView.swift */; };
		0181F0FC28C9BF0C00E75E31 /* SettingsLabelView.swift in Sources */ = {isa = PBXBuildFile; fileRef = 0181F0FB28C9BF0C00E75E31 /* SettingsLabelView.swift */; };
		0181F0FE28C9BFF200E75E31 /* OnboardingView.swift in Sources */ = {isa = PBXBuildFile; fileRef = 0181F0FD28C9BFF200E75E31 /* OnboardingView.swift */; };
		0181F10028C9C23A00E75E31 /* SettingsView.swift in Sources */ = {isa = PBXBuildFile; fileRef = 0181F0FF28C9C23A00E75E31 /* SettingsView.swift */; };
		0181F10228C9C2FE00E75E31 /* FruitDetailView.swift in Sources */ = {isa = PBXBuildFile; fileRef = 0181F10128C9C2FE00E75E31 /* FruitDetailView.swift */; };
/* End PBXBuildFile section */

/* Begin PBXFileReference section */
		0155F5C728C9AD01008E13B0 /* FRUITS.app */ = {isa = PBXFileReference; explicitFileType = wrapper.application; includeInIndex = 0; path = FRUITS.app; sourceTree = BUILT_PRODUCTS_DIR; };
		0155F5CA28C9AD01008E13B0 /* FRUITSApp.swift */ = {isa = PBXFileReference; lastKnownFileType = sourcecode.swift; path = FRUITSApp.swift; sourceTree = "<group>"; };
		0155F5CC28C9AD01008E13B0 /* ContentView.swift */ = {isa = PBXFileReference; lastKnownFileType = sourcecode.swift; path = ContentView.swift; sourceTree = "<group>"; };
		0155F5CE28C9AD02008E13B0 /* Assets.xcassets */ = {isa = PBXFileReference; lastKnownFileType = folder.assetcatalog; path = Assets.xcassets; sourceTree = "<group>"; };
		0155F5D128C9AD02008E13B0 /* Preview Assets.xcassets */ = {isa = PBXFileReference; lastKnownFileType = folder.assetcatalog; path = "Preview Assets.xcassets"; sourceTree = "<group>"; };
		0181F0E828C9B41F00E75E31 /* FruitsCardView.swift */ = {isa = PBXFileReference; lastKnownFileType = sourcecode.swift; path = FruitsCardView.swift; sourceTree = "<group>"; };
		0181F0EA28C9B4E400E75E31 /* StartButtonView.swift */ = {isa = PBXFileReference; lastKnownFileType = sourcecode.swift; path = StartButtonView.swift; sourceTree = "<group>"; };
		0181F0EC28C9B5C600E75E31 /* FruitsData.swift */ = {isa = PBXFileReference; lastKnownFileType = sourcecode.swift; path = FruitsData.swift; sourceTree = "<group>"; };
		0181F0EE28C9B5F600E75E31 /* FruitsModel.swift */ = {isa = PBXFileReference; lastKnownFileType = sourcecode.swift; path = FruitsModel.swift; sourceTree = "<group>"; };
		0181F0F028C9B69300E75E31 /* Info.plist */ = {isa = PBXFileReference; lastKnownFileType = text.plist; path = Info.plist; sourceTree = "<group>"; };
		0181F0F128C9BA3900E75E31 /* FruitRowView.swift */ = {isa = PBXFileReference; lastKnownFileType = sourcecode.swift; path = FruitRowView.swift; sourceTree = "<group>"; };
		0181F0F328C9BC2300E75E31 /* SettingsRowView.swift */ = {isa = PBXFileReference; lastKnownFileType = sourcecode.swift; path = SettingsRowView.swift; sourceTree = "<group>"; };
		0181F0F528C9BCE300E75E31 /* FruitHeaderView.swift */ = {isa = PBXFileReference; lastKnownFileType = sourcecode.swift; path = FruitHeaderView.swift; sourceTree = "<group>"; };
		0181F0F728C9BD5200E75E31 /* SourceLinkView.swift */ = {isa = PBXFileReference; lastKnownFileType = sourcecode.swift; path = SourceLinkView.swift; sourceTree = "<group>"; };
		0181F0F928C9BE4A00E75E31 /* FruitNutrientsView.swift */ = {isa = PBXFileReference; lastKnownFileType = sourcecode.swift; path = FruitNutrientsView.swift; sourceTree = "<group>"; };
		0181F0FB28C9BF0C00E75E31 /* SettingsLabelView.swift */ = {isa = PBXFileReference; lastKnownFileType = sourcecode.swift; path = SettingsLabelView.swift; sourceTree = "<group>"; };
		0181F0FD28C9BFF200E75E31 /* OnboardingView.swift */ = {isa = PBXFileReference; lastKnownFileType = sourcecode.swift; path = OnboardingView.swift; sourceTree = "<group>"; };
		0181F0FF28C9C23A00E75E31 /* SettingsView.swift */ = {isa = PBXFileReference; lastKnownFileType = sourcecode.swift; path = SettingsView.swift; sourceTree = "<group>"; };
		0181F10128C9C2FE00E75E31 /* FruitDetailView.swift */ = {isa = PBXFileReference; lastKnownFileType = sourcecode.swift; path = FruitDetailView.swift; sourceTree = "<group>"; };
/* End PBXFileReference section */

/* Begin PBXFrameworksBuildPhase section */
		0155F5C428C9AD01008E13B0 /* Frameworks */ = {
			isa = PBXFrameworksBuildPhase;
			buildActionMask = 2147483647;
			files = (
			);
			runOnlyForDeploymentPostprocessing = 0;
		};
/* End PBXFrameworksBuildPhase section */

/* Begin PBXGroup section */
		0155F5BE28C9AD01008E13B0 = {
			isa = PBXGroup;
			children = (
				0155F5C928C9AD01008E13B0 /* FRUITS */,
				0155F5C828C9AD01008E13B0 /* Products */,
			);
			sourceTree = "<group>";
		};
		0155F5C828C9AD01008E13B0 /* Products */ = {
			isa = PBXGroup;
			children = (
				0155F5C728C9AD01008E13B0 /* FRUITS.app */,
			);
			name = Products;
			sourceTree = "<group>";
		};
		0155F5C928C9AD01008E13B0 /* FRUITS */ = {
			isa = PBXGroup;
			children = (
				0181F0F028C9B69300E75E31 /* Info.plist */,
				0155F5CA28C9AD01008E13B0 /* FRUITSApp.swift */,
				0155F5DA28C9AD9C008E13B0 /* Model */,
				0155F5D928C9AD8E008E13B0 /* Data */,
				0155F5D828C9AD78008E13B0 /* Screen */,
				0155F5DB28C9ADA4008E13B0 /* Views */,
				0155F5CE28C9AD02008E13B0 /* Assets.xcassets */,
				0155F5D028C9AD02008E13B0 /* Preview Content */,
			);
			path = FRUITS;
			sourceTree = "<group>";
		};
		0155F5D028C9AD02008E13B0 /* Preview Content */ = {
			isa = PBXGroup;
			children = (
				0155F5D128C9AD02008E13B0 /* Preview Assets.xcassets */,
			);
			path = "Preview Content";
			sourceTree = "<group>";
		};
		0155F5D828C9AD78008E13B0 /* Screen */ = {
			isa = PBXGroup;
			children = (
				0155F5CC28C9AD01008E13B0 /* ContentView.swift */,
				0181F0FD28C9BFF200E75E31 /* OnboardingView.swift */,
				0181F10128C9C2FE00E75E31 /* FruitDetailView.swift */,
				0181F0FF28C9C23A00E75E31 /* SettingsView.swift */,
			);
			path = Screen;
			sourceTree = "<group>";
		};
		0155F5D928C9AD8E008E13B0 /* Data */ = {
			isa = PBXGroup;
			children = (
				0181F0EC28C9B5C600E75E31 /* FruitsData.swift */,
			);
			path = Data;
			sourceTree = "<group>";
		};
		0155F5DA28C9AD9C008E13B0 /* Model */ = {
			isa = PBXGroup;
			children = (
				0181F0EE28C9B5F600E75E31 /* FruitsModel.swift */,
			);
			path = Model;
			sourceTree = "<group>";
		};
		0155F5DB28C9ADA4008E13B0 /* Views */ = {
			isa = PBXGroup;
			children = (
				0181F0E828C9B41F00E75E31 /* FruitsCardView.swift */,
				0181F0EA28C9B4E400E75E31 /* StartButtonView.swift */,
				0181F0F128C9BA3900E75E31 /* FruitRowView.swift */,
				0181F0F328C9BC2300E75E31 /* SettingsRowView.swift */,
				0181F0F528C9BCE300E75E31 /* FruitHeaderView.swift */,
				0181F0F728C9BD5200E75E31 /* SourceLinkView.swift */,
				0181F0F928C9BE4A00E75E31 /* FruitNutrientsView.swift */,
				0181F0FB28C9BF0C00E75E31 /* SettingsLabelView.swift */,
			);
			path = Views;
			sourceTree = "<group>";
		};
/* End PBXGroup section */

/* Begin PBXNativeTarget section */
		0155F5C628C9AD01008E13B0 /* FRUITS */ = {
			isa = PBXNativeTarget;
			buildConfigurationList = 0155F5D528C9AD02008E13B0 /* Build configuration list for PBXNativeTarget "FRUITS" */;
			buildPhases = (
				0155F5C328C9AD01008E13B0 /* Sources */,
				0155F5C428C9AD01008E13B0 /* Frameworks */,
				0155F5C528C9AD01008E13B0 /* Resources */,
			);
			buildRules = (
			);
			dependencies = (
			);
			name = FRUITS;
			productName = FRUITS;
			productReference = 0155F5C728C9AD01008E13B0 /* FRUITS.app */;
			productType = "com.apple.product-type.application";
		};
/* End PBXNativeTarget section */

/* Begin PBXProject section */
		0155F5BF28C9AD01008E13B0 /* Project object */ = {
			isa = PBXProject;
			attributes = {
				BuildIndependentTargetsInParallel = 1;
				LastSwiftUpdateCheck = 1340;
				LastUpgradeCheck = 1340;
				TargetAttributes = {
					0155F5C628C9AD01008E13B0 = {
						CreatedOnToolsVersion = 13.4.1;
					};
				};
			};
			buildConfigurationList = 0155F5C228C9AD01008E13B0 /* Build configuration list for PBXProject "FRUITS" */;
			compatibilityVersion = "Xcode 13.0";
			developmentRegion = en;
			hasScannedForEncodings = 0;
			knownRegions = (
				en,
				Base,
			);
			mainGroup = 0155F5BE28C9AD01008E13B0;
			productRefGroup = 0155F5C828C9AD01008E13B0 /* Products */;
			projectDirPath = "";
			projectRoot = "";
			targets = (
				0155F5C628C9AD01008E13B0 /* FRUITS */,
			);
		};
/* End PBXProject section */

/* Begin PBXResourcesBuildPhase section */
		0155F5C528C9AD01008E13B0 /* Resources */ = {
			isa = PBXResourcesBuildPhase;
			buildActionMask = 2147483647;
			files = (
				0155F5D228C9AD02008E13B0 /* Preview Assets.xcassets in Resources */,
				0155F5CF28C9AD02008E13B0 /* Assets.xcassets in Resources */,
			);
			runOnlyForDeploymentPostprocessing = 0;
		};
/* End PBXResourcesBuildPhase section */

/* Begin PBXSourcesBuildPhase section */
		0155F5C328C9AD01008E13B0 /* Sources */ = {
			isa = PBXSourcesBuildPhase;
			buildActionMask = 2147483647;
			files = (
				0181F0E928C9B41F00E75E31 /* FruitsCardView.swift in Sources */,
				0181F0F828C9BD5200E75E31 /* SourceLinkView.swift in Sources */,
				0181F0EB28C9B4E400E75E31 /* StartButtonView.swift in Sources */,
				0181F0F228C9BA3900E75E31 /* FruitRowView.swift in Sources */,
				0181F0EF28C9B5F600E75E31 /* FruitsModel.swift in Sources */,
				0181F0FA28C9BE4A00E75E31 /* FruitNutrientsView.swift in Sources */,
				0181F0FC28C9BF0C00E75E31 /* SettingsLabelView.swift in Sources */,
				0181F10228C9C2FE00E75E31 /* FruitDetailView.swift in Sources */,
				0181F10028C9C23A00E75E31 /* SettingsView.swift in Sources */,
				0181F0F428C9BC2300E75E31 /* SettingsRowView.swift in Sources */,
				0181F0F628C9BCE300E75E31 /* FruitHeaderView.swift in Sources */,
				0155F5CD28C9AD01008E13B0 /* ContentView.swift in Sources */,
				0181F0ED28C9B5C600E75E31 /* FruitsData.swift in Sources */,
				0181F0FE28C9BFF200E75E31 /* OnboardingView.swift in Sources */,
				0155F5CB28C9AD01008E13B0 /* FRUITSApp.swift in Sources */,
			);
			runOnlyForDeploymentPostprocessing = 0;
		};
/* End PBXSourcesBuildPhase section */

/* Begin XCBuildConfiguration section */
		0155F5D328C9AD02008E13B0 /* Debug */ = {
			isa = XCBuildConfiguration;
			buildSettings = {
				ALWAYS_SEARCH_USER_PATHS = NO;
				CLANG_ANALYZER_NONNULL = YES;
				CLANG_ANALYZER_NUMBER_OBJECT_CONVERSION = YES_AGGRESSIVE;
				CLANG_CXX_LANGUAGE_STANDARD = "gnu++17";
				CLANG_ENABLE_MODULES = YES;
				CLANG_ENABLE_OBJC_ARC = YES;
				CLANG_ENABLE_OBJC_WEAK = YES;
				CLANG_WARN_BLOCK_CAPTURE_AUTORELEASING = YES;
				CLANG_WARN_BOOL_CONVERSION = YES;
				CLANG_WARN_COMMA = YES;
				CLANG_WARN_CONSTANT_CONVERSION = YES;
				CLANG_WARN_DEPRECATED_OBJC_IMPLEMENTATIONS = YES;
				CLANG_WARN_DIRECT_OBJC_ISA_USAGE = YES_ERROR;
				CLANG_WARN_DOCUMENTATION_COMMENTS = YES;
				CLANG_WARN_EMPTY_BODY = YES;
				CLANG_WARN_ENUM_CONVERSION = YES;
				CLANG_WARN_INFINITE_RECURSION = YES;
				CLANG_WARN_INT_CONVERSION = YES;
				CLANG_WARN_NON_LITERAL_NULL_CONVERSION = YES;
				CLANG_WARN_OBJC_IMPLICIT_RETAIN_SELF = YES;
				CLANG_WARN_OBJC_LITERAL_CONVERSION = YES;
				CLANG_WARN_OBJC_ROOT_CLASS = YES_ERROR;
				CLANG_WARN_QUOTED_INCLUDE_IN_FRAMEWORK_HEADER = YES;
				CLANG_WARN_RANGE_LOOP_ANALYSIS = YES;
				CLANG_WARN_STRICT_PROTOTYPES = YES;
				CLANG_WARN_SUSPICIOUS_MOVE = YES;
				CLANG_WARN_UNGUARDED_AVAILABILITY = YES_AGGRESSIVE;
				CLANG_WARN_UNREACHABLE_CODE = YES;
				CLANG_WARN__DUPLICATE_METHOD_MATCH = YES;
				COPY_PHASE_STRIP = NO;
				DEBUG_INFORMATION_FORMAT = dwarf;
				ENABLE_STRICT_OBJC_MSGSEND = YES;
				ENABLE_TESTABILITY = YES;
				GCC_C_LANGUAGE_STANDARD = gnu11;
				GCC_DYNAMIC_NO_PIC = NO;
				GCC_NO_COMMON_BLOCKS = YES;
				GCC_OPTIMIZATION_LEVEL = 0;
				GCC_PREPROCESSOR_DEFINITIONS = (
					"DEBUG=1",
					"$(inherited)",
				);
				GCC_WARN_64_TO_32_BIT_CONVERSION = YES;
				GCC_WARN_ABOUT_RETURN_TYPE = YES_ERROR;
				GCC_WARN_UNDECLARED_SELECTOR = YES;
				GCC_WARN_UNINITIALIZED_AUTOS = YES_AGGRESSIVE;
				GCC_WARN_UNUSED_FUNCTION = YES;
				GCC_WARN_UNUSED_VARIABLE = YES;
				IPHONEOS_DEPLOYMENT_TARGET = 15.5;
				MTL_ENABLE_DEBUG_INFO = INCLUDE_SOURCE;
				MTL_FAST_MATH = YES;
				ONLY_ACTIVE_ARCH = YES;
				SDKROOT = iphoneos;
				SWIFT_ACTIVE_COMPILATION_CONDITIONS = DEBUG;
				SWIFT_OPTIMIZATION_LEVEL = "-Onone";
			};
			name = Debug;
		};
		0155F5D428C9AD02008E13B0 /* Release */ = {
			isa = XCBuildConfiguration;
			buildSettings = {
				ALWAYS_SEARCH_USER_PATHS = NO;
				CLANG_ANALYZER_NONNULL = YES;
				CLANG_ANALYZER_NUMBER_OBJECT_CONVERSION = YES_AGGRESSIVE;
				CLANG_CXX_LANGUAGE_STANDARD = "gnu++17";
				CLANG_ENABLE_MODULES = YES;
				CLANG_ENABLE_OBJC_ARC = YES;
				CLANG_ENABLE_OBJC_WEAK = YES;
				CLANG_WARN_BLOCK_CAPTURE_AUTORELEASING = YES;
				CLANG_WARN_BOOL_CONVERSION = YES;
				CLANG_WARN_COMMA = YES;
				CLANG_WARN_CONSTANT_CONVERSION = YES;
				CLANG_WARN_DEPRECATED_OBJC_IMPLEMENTATIONS = YES;
				CLANG_WARN_DIRECT_OBJC_ISA_USAGE = YES_ERROR;
				CLANG_WARN_DOCUMENTATION_COMMENTS = YES;
				CLANG_WARN_EMPTY_BODY = YES;
				CLANG_WARN_ENUM_CONVERSION = YES;
				CLANG_WARN_INFINITE_RECURSION = YES;
				CLANG_WARN_INT_CONVERSION = YES;
				CLANG_WARN_NON_LITERAL_NULL_CONVERSION = YES;
				CLANG_WARN_OBJC_IMPLICIT_RETAIN_SELF = YES;
				CLANG_WARN_OBJC_LITERAL_CONVERSION = YES;
				CLANG_WARN_OBJC_ROOT_CLASS = YES_ERROR;
				CLANG_WARN_QUOTED_INCLUDE_IN_FRAMEWORK_HEADER = YES;
				CLANG_WARN_RANGE_LOOP_ANALYSIS = YES;
				CLANG_WARN_STRICT_PROTOTYPES = YES;
				CLANG_WARN_SUSPICIOUS_MOVE = YES;
				CLANG_WARN_UNGUARDED_AVAILABILITY = YES_AGGRESSIVE;
				CLANG_WARN_UNREACHABLE_CODE = YES;
				CLANG_WARN__DUPLICATE_METHOD_MATCH = YES;
				COPY_PHASE_STRIP = NO;
				DEBUG_INFORMATION_FORMAT = "dwarf-with-dsym";
				ENABLE_NS_ASSERTIONS = NO;
				ENABLE_STRICT_OBJC_MSGSEND = YES;
				GCC_C_LANGUAGE_STANDARD = gnu11;
				GCC_NO_COMMON_BLOCKS = YES;
				GCC_WARN_64_TO_32_BIT_CONVERSION = YES;
				GCC_WARN_ABOUT_RETURN_TYPE = YES_ERROR;
				GCC_WARN_UNDECLARED_SELECTOR = YES;
				GCC_WARN_UNINITIALIZED_AUTOS = YES_AGGRESSIVE;
				GCC_WARN_UNUSED_FUNCTION = YES;
				GCC_WARN_UNUSED_VARIABLE = YES;
				IPHONEOS_DEPLOYMENT_TARGET = 15.5;
				MTL_ENABLE_DEBUG_INFO = NO;
				MTL_FAST_MATH = YES;
				SDKROOT = iphoneos;
				SWIFT_COMPILATION_MODE = wholemodule;
				SWIFT_OPTIMIZATION_LEVEL = "-O";
				VALIDATE_PRODUCT = YES;
			};
			name = Release;
		};
		0155F5D628C9AD02008E13B0 /* Debug */ = {
			isa = XCBuildConfiguration;
			buildSettings = {
				ASSETCATALOG_COMPILER_APPICON_NAME = AppIcon;
				ASSETCATALOG_COMPILER_GLOBAL_ACCENT_COLOR_NAME = AccentColor;
				CODE_SIGN_STYLE = Automatic;
				CURRENT_PROJECT_VERSION = 1;
				DEVELOPMENT_ASSET_PATHS = "\"FRUITS/Preview Content\"";
				DEVELOPMENT_TEAM = 86JD9D26N9;
				ENABLE_PREVIEWS = YES;
				GENERATE_INFOPLIST_FILE = YES;
				INFOPLIST_FILE = FRUITS/Info.plist;
				INFOPLIST_KEY_UIApplicationSceneManifest_Generation = YES;
				INFOPLIST_KEY_UIApplicationSupportsIndirectInputEvents = YES;
				INFOPLIST_KEY_UISupportedInterfaceOrientations = UIInterfaceOrientationPortrait;
				INFOPLIST_KEY_UISupportedInterfaceOrientations_iPad = "UIInterfaceOrientationPortrait UIInterfaceOrientationPortraitUpsideDown UIInterfaceOrientationLandscapeLeft UIInterfaceOrientationLandscapeRight";
				INFOPLIST_KEY_UISupportedInterfaceOrientations_iPhone = UIInterfaceOrientationPortrait;
				LD_RUNPATH_SEARCH_PATHS = (
					"$(inherited)",
					"@executable_path/Frameworks",
				);
				MARKETING_VERSION = 1.0;
				PRODUCT_BUNDLE_IDENTIFIER = com.koseB.FRUITS;
				PRODUCT_NAME = "$(TARGET_NAME)";
				SWIFT_EMIT_LOC_STRINGS = YES;
				SWIFT_VERSION = 5.0;
				TARGETED_DEVICE_FAMILY = "1,2";
			};
			name = Debug;
		};
		0155F5D728C9AD02008E13B0 /* Release */ = {
			isa = XCBuildConfiguration;
			buildSettings = {
				ASSETCATALOG_COMPILER_APPICON_NAME = AppIcon;
				ASSETCATALOG_COMPILER_GLOBAL_ACCENT_COLOR_NAME = AccentColor;
				CODE_SIGN_STYLE = Automatic;
				CURRENT_PROJECT_VERSION = 1;
				DEVELOPMENT_ASSET_PATHS = "\"FRUITS/Preview Content\"";
				DEVELOPMENT_TEAM = 86JD9D26N9;
				ENABLE_PREVIEWS = YES;
				GENERATE_INFOPLIST_FILE = YES;
				INFOPLIST_FILE = FRUITS/Info.plist;
				INFOPLIST_KEY_UIApplicationSceneManifest_Generation = YES;
				INFOPLIST_KEY_UIApplicationSupportsIndirectInputEvents = YES;
				INFOPLIST_KEY_UISupportedInterfaceOrientations = UIInterfaceOrientationPortrait;
				INFOPLIST_KEY_UISupportedInterfaceOrientations_iPad = "UIInterfaceOrientationPortrait UIInterfaceOrientationPortraitUpsideDown UIInterfaceOrientationLandscapeLeft UIInterfaceOrientationLandscapeRight";
				INFOPLIST_KEY_UISupportedInterfaceOrientations_iPhone = UIInterfaceOrientationPortrait;
				LD_RUNPATH_SEARCH_PATHS = (
					"$(inherited)",
					"@executable_path/Frameworks",
				);
				MARKETING_VERSION = 1.0;
				PRODUCT_BUNDLE_IDENTIFIER = com.koseB.FRUITS;
				PRODUCT_NAME = "$(TARGET_NAME)";
				SWIFT_EMIT_LOC_STRINGS = YES;
				SWIFT_VERSION = 5.0;
				TARGETED_DEVICE_FAMILY = "1,2";
			};
			name = Release;
		};
/* End XCBuildConfiguration section */

/* Begin XCConfigurationList section */
		0155F5C228C9AD01008E13B0 /* Build configuration list for PBXProject "FRUITS" */ = {
			isa = XCConfigurationList;
			buildConfigurations = (
				0155F5D328C9AD02008E13B0 /* Debug */,
				0155F5D428C9AD02008E13B0 /* Release */,
			);
			defaultConfigurationIsVisible = 0;
			defaultConfigurationName = Release;
		};
		0155F5D528C9AD02008E13B0 /* Build configuration list for PBXNativeTarget "FRUITS" */ = {
			isa = XCConfigurationList;
			buildConfigurations = (
				0155F5D628C9AD02008E13B0 /* Debug */,
				0155F5D728C9AD02008E13B0 /* Release */,
			);
			defaultConfigurationIsVisible = 0;
			defaultConfigurationName = Release;
		};
/* End XCConfigurationList section */
	};
	rootObject = 0155F5BF28C9AD01008E13B0 /* Project object */;
}
